
Microsoft Visual Studio Solution File, Format Version 12.00
# Visual Studio Version 17
VisualStudioVersion = 17.9.34622.214
MinimumVisualStudioVersion = 10.0.40219.1
Project("{FAE04EC0-301F-11D3-BF4B-00C04F79EFBC}") = "WebApplication1", "WebApplication1\WebApplication1.csproj", "{C94C651D-3C6F-4DB7-A06F-CD6CA7D67AD4}"
EndProject
Global
	GlobalSection(SolutionConfigurationPlatforms) = preSolution
		Debug|Any CPU = Debug|Any CPU
		Release|Any CPU = Release|Any CPU
	EndGlobalSection
	GlobalSection(ProjectConfigurationPlatforms) = postSolution
		{C94C651D-3C6F-4DB7-A06F-CD6CA7D67AD4}.Debug|Any CPU.ActiveCfg = Debug|Any CPU
		{C94C651D-3C6F-4DB7-A06F-CD6CA7D67AD4}.Debug|Any CPU.Build.0 = Debug|Any CPU
		{C94C651D-3C6F-4DB7-A06F-CD6CA7D67AD4}.Release|Any CPU.ActiveCfg = Release|Any CPU
		{C94C651D-3C6F-4DB7-A06F-CD6CA7D67AD4}.Release|Any CPU.Build.0 = Release|Any CPU
	EndGlobalSection
	GlobalSection(SolutionProperties) = preSolution
		HideSolutionNode = FALSE
	EndGlobalSection
	GlobalSection(ExtensibilityGlobals) = postSolution
		SolutionGuid = {7EB304FC-5AFC-47EA-BAC0-6A377F814F0F}
	EndGlobalSection
EndGlobal
